{
  "name": "GameOfWar",
  "lockfileVersion": 2,
  "requires": true,
  "packages": {
    "": {
      "dependencies": {
        "@types/lodash.shuffle": "^4.2.7"
      }
    },
    "node_modules/@types/lodash": {
      "version": "4.14.190",
      "resolved": "https://registry.npmjs.org/@types/lodash/-/lodash-4.14.190.tgz",
      "integrity": "sha512-5iJ3FBJBvQHQ8sFhEhJfjUP+G+LalhavTkYyrAYqz5MEJG+erSv0k9KJLb6q7++17Lafk1scaTIFXcMJlwK8Mw=="
    },
    "node_modules/@types/lodash.shuffle": {
      "version": "4.2.7",
      "resolved": "https://registry.npmjs.org/@types/lodash.shuffle/-/lodash.shuffle-4.2.7.tgz",
      "integrity": "sha512-b+K0NBpB4WcNoQTfifuTmi5nm5mJXRw9DBdbFfBr1q1+EVoTKkClDxq/7r1sq2GZcRelMFRsFcGGHrHQgxRySg==",
      "dependencies": {
        "@types/lodash": "*"
      }
    }
  },
  "dependencies": {
    "@types/lodash": {
      "version": "4.14.190",
      "resolved": "https://registry.npmjs.org/@types/lodash/-/lodash-4.14.190.tgz",
      "integrity": "sha512-5iJ3FBJBvQHQ8sFhEhJfjUP+G+LalhavTkYyrAYqz5MEJG+erSv0k9KJLb6q7++17Lafk1scaTIFXcMJlwK8Mw=="
    },
    "@types/lodash.shuffle": {
      "version": "4.2.7",
      "resolved": "https://registry.npmjs.org/@types/lodash.shuffle/-/lodash.shuffle-4.2.7.tgz",
      "integrity": "sha512-b+K0NBpB4WcNoQTfifuTmi5nm5mJXRw9DBdbFfBr1q1+EVoTKkClDxq/7r1sq2GZcRelMFRsFcGGHrHQgxRySg==",
      "requires": {
        "@types/lodash": "*"
      }
    }
  }
}
